[root]
name = "rusty_window"
version = "0.0.0"
dependencies = [
 "bootstrap-rs 0.0.0",
]

[[package]]
name = "bitflags"
version = "0.1.1"
source = "registry+https://github.com/rust-lang/crates.io-index"

[[package]]
name = "bootstrap-rs"
version = "0.0.0"
dependencies = [
 "gdi32-sys 0.0.4 (registry+https://github.com/rust-lang/crates.io-index)",
 "gl 0.0.8 (git+https://github.com/bjz/gl-rs)",
 "kernel32-sys 0.0.10 (registry+https://github.com/rust-lang/crates.io-index)",
 "opengl32-sys 0.0.2 (registry+https://github.com/rust-lang/crates.io-index)",
 "user32-sys 0.0.10 (registry+https://github.com/rust-lang/crates.io-index)",
 "winapi 0.1.14 (registry+https://github.com/rust-lang/crates.io-index)",
]

[[package]]
name = "gdi32-sys"
version = "0.0.4"
source = "registry+https://github.com/rust-lang/crates.io-index"
dependencies = [
 "winapi 0.1.14 (registry+https://github.com/rust-lang/crates.io-index)",
]

[[package]]
name = "gl"
version = "0.0.8"
source = "git+https://github.com/bjz/gl-rs#e82bc0798409cb2e7592ab8c2d9c007ff8e8f9bc"
dependencies = [
 "gl_common 0.0.4 (git+https://github.com/bjz/gl-rs)",
 "gl_generator 0.0.18 (git+https://github.com/bjz/gl-rs)",
 "khronos_api 0.0.5 (git+https://github.com/bjz/gl-rs)",
 "libc 0.1.2 (registry+https://github.com/rust-lang/crates.io-index)",
]

[[package]]
name = "gl_common"
version = "0.0.4"
source = "git+https://github.com/bjz/gl-rs#e82bc0798409cb2e7592ab8c2d9c007ff8e8f9bc"
dependencies = [
 "libc 0.1.2 (registry+https://github.com/rust-lang/crates.io-index)",
]

[[package]]
name = "gl_generator"
version = "0.0.18"
source = "git+https://github.com/bjz/gl-rs#e82bc0798409cb2e7592ab8c2d9c007ff8e8f9bc"
dependencies = [
 "khronos_api 0.0.5 (git+https://github.com/bjz/gl-rs)",
 "log 0.2.4 (registry+https://github.com/rust-lang/crates.io-index)",
 "xml-rs 0.1.19 (registry+https://github.com/rust-lang/crates.io-index)",
]

[[package]]
name = "kernel32-sys"
version = "0.0.10"
source = "registry+https://github.com/rust-lang/crates.io-index"
dependencies = [
 "winapi 0.1.14 (registry+https://github.com/rust-lang/crates.io-index)",
]

[[package]]
name = "khronos_api"
version = "0.0.5"
source = "git+https://github.com/bjz/gl-rs#e82bc0798409cb2e7592ab8c2d9c007ff8e8f9bc"

[[package]]
name = "libc"
version = "0.1.2"
source = "registry+https://github.com/rust-lang/crates.io-index"

[[package]]
name = "log"
version = "0.2.4"
source = "registry+https://github.com/rust-lang/crates.io-index"

[[package]]
name = "opengl32-sys"
version = "0.0.2"
source = "registry+https://github.com/rust-lang/crates.io-index"
dependencies = [
 "winapi 0.1.14 (registry+https://github.com/rust-lang/crates.io-index)",
]

[[package]]
name = "user32-sys"
version = "0.0.10"
source = "registry+https://github.com/rust-lang/crates.io-index"
dependencies = [
 "winapi 0.1.14 (registry+https://github.com/rust-lang/crates.io-index)",
]

[[package]]
name = "winapi"
version = "0.1.14"
source = "registry+https://github.com/rust-lang/crates.io-index"
dependencies = [
 "libc 0.1.2 (registry+https://github.com/rust-lang/crates.io-index)",
]

[[package]]
name = "xml-rs"
version = "0.1.19"
source = "registry+https://github.com/rust-lang/crates.io-index"
dependencies = [
 "bitflags 0.1.1 (registry+https://github.com/rust-lang/crates.io-index)",
]

